
Microsoft Visual Studio Solution File, Format Version 12.00
# Visual Studio Version 16
VisualStudioVersion = 16.0.30320.27
MinimumVisualStudioVersion = 10.0.40219.1
Project("{8BC9CEB8-8B4A-11D0-8D11-00A0C91BC942}") = "Template_Tracker", "Template_Tracker\Template_Tracker.vcxproj", "{C119F529-DB64-4093-89FA-2B50D08F5B01}"
EndProject
Global
	GlobalSection(SolutionConfigurationPlatforms) = preSolution
		Debug|x64 = Debug|x64
		Debug|x86 = Debug|x86
		Release|x64 = Release|x64
		Release|x86 = Release|x86
	EndGlobalSection
	GlobalSection(ProjectConfigurationPlatforms) = postSolution
		{C119F529-DB64-4093-89FA-2B50D08F5B01}.Debug|x64.ActiveCfg = Debug|x64
		{C119F529-DB64-4093-89FA-2B50D08F5B01}.Debug|x64.Build.0 = Debug|x64
		{C119F529-DB64-4093-89FA-2B50D08F5B01}.Debug|x86.ActiveCfg = Debug|Win32
		{C119F529-DB64-4093-89FA-2B50D08F5B01}.Debug|x86.Build.0 = Debug|Win32
		{C119F529-DB64-4093-89FA-2B50D08F5B01}.Release|x64.ActiveCfg = Release|x64
		{C119F529-DB64-4093-89FA-2B50D08F5B01}.Release|x64.Build.0 = Release|x64
		{C119F529-DB64-4093-89FA-2B50D08F5B01}.Release|x86.ActiveCfg = Release|Win32
		{C119F529-DB64-4093-89FA-2B50D08F5B01}.Release|x86.Build.0 = Release|Win32
	EndGlobalSection
	GlobalSection(SolutionProperties) = preSolution
		HideSolutionNode = FALSE
	EndGlobalSection
	GlobalSection(ExtensibilityGlobals) = postSolution
		SolutionGuid = {FFC83692-7134-4111-94B5-0176F657B409}
	EndGlobalSection
EndGlobal
